
Microsoft Visual Studio Solution File, Format Version 12.00
# Visual Studio Version 17
VisualStudioVersion = 17.0.31903.59
MinimumVisualStudioVersion = 10.0.40219.1
Project("{FAE04EC0-301F-11D3-BF4B-00C04F79EFBC}") = "healing", "healing\healing.csproj", "{307C8566-45F2-4ADA-B4FF-9F1BA14F7549}"
EndProject
Global
	GlobalSection(SolutionConfigurationPlatforms) = preSolution
		Debug|Any CPU = Debug|Any CPU
		Release|Any CPU = Release|Any CPU
	EndGlobalSection
	GlobalSection(SolutionProperties) = preSolution
		HideSolutionNode = FALSE
	EndGlobalSection
	GlobalSection(ProjectConfigurationPlatforms) = postSolution
		{307C8566-45F2-4ADA-B4FF-9F1BA14F7549}.Debug|Any CPU.ActiveCfg = Debug|Any CPU
		{307C8566-45F2-4ADA-B4FF-9F1BA14F7549}.Debug|Any CPU.Build.0 = Debug|Any CPU
		{307C8566-45F2-4ADA-B4FF-9F1BA14F7549}.Release|Any CPU.ActiveCfg = Release|Any CPU
		{307C8566-45F2-4ADA-B4FF-9F1BA14F7549}.Release|Any CPU.Build.0 = Release|Any CPU
	EndGlobalSection
EndGlobal
